
Microsoft Visual Studio Solution File, Format Version 12.00
# Visual Studio 2012
Project("{FAE04EC0-301F-11D3-BF4B-00C04F79EFBC}") = "PTJ.Person.DataLayer", "PTJ.Person.DataLayer\PTJ.Person.DataLayer.csproj", "{77FB7CC0-ABE3-44E7-B031-7A8F34C8E216}"
EndProject
Project("{FAE04EC0-301F-11D3-BF4B-00C04F79EFBC}") = "PTJ.Person.BusinessRules", "PTJ.Person.BusinessRules\PTJ.Person.BusinessRules.csproj", "{B8A20A03-045D-4634-9CBD-872495EF49BB}"
EndProject
Project("{FAE04EC0-301F-11D3-BF4B-00C04F79EFBC}") = "PTJ.Person.ServiceLayer", "PTJ.Person.ServiceLayer\PTJ.Person.ServiceLayer.csproj", "{775F7EEB-8C8F-4E70-A7D7-84A642A84550}"
EndProject
Project("{FAE04EC0-301F-11D3-BF4B-00C04F79EFBC}") = "PTJ.Person.MessageChannel", "PTJ.Person.MessageChannel\PTJ.Person.MessageChannel.csproj", "{316EC7A4-0329-49B1-9728-7FAD193C1ECF}"
EndProject
Project("{FAE04EC0-301F-11D3-BF4B-00C04F79EFBC}") = "PTJ.Person.Schemas", "PTJ.Person.Schemas\PTJ.Person.Schemas.csproj", "{45437999-CB9F-4C1C-95C4-D7FD9E972E20}"
EndProject
Project("{FAE04EC0-301F-11D3-BF4B-00C04F79EFBC}") = "PTJ.Person.Presentation", "PTJ.Person.Presentation\PTJ.Person.Presentation.csproj", "{6CBD5272-2F69-438C-AF48-A5B0746736C6}"
EndProject
Project("{E24C65DC-7377-472B-9ABA-BC803B73C61A}") = "PTJ.Person.Presentation.Web", "http://localhost:62239", "{845B9D9D-D813-40E8-9073-FB8500FADF01}"
	ProjectSection(WebsiteProperties) = preProject
		UseIISExpress = "true"
		TargetFrameworkMoniker = ".NETFramework,Version%3Dv4.5"
		Debug.AspNetCompiler.VirtualPath = "/localhost_62239"
		Debug.AspNetCompiler.PhysicalPath = "PTJ.Person.Presentation.Web\"
		Debug.AspNetCompiler.TargetPath = "PrecompiledWeb\localhost_62239\"
		Debug.AspNetCompiler.Updateable = "true"
		Debug.AspNetCompiler.ForceOverwrite = "true"
		Debug.AspNetCompiler.FixedNames = "false"
		Debug.AspNetCompiler.Debug = "True"
		Release.AspNetCompiler.VirtualPath = "/localhost_62239"
		Release.AspNetCompiler.PhysicalPath = "PTJ.Person.Presentation.Web\"
		Release.AspNetCompiler.TargetPath = "PrecompiledWeb\localhost_62239\"
		Release.AspNetCompiler.Updateable = "true"
		Release.AspNetCompiler.ForceOverwrite = "true"
		Release.AspNetCompiler.FixedNames = "false"
		Release.AspNetCompiler.Debug = "False"
		SlnRelativePath = "PTJ.Person.Presentation.Web\"
		DefaultWebSiteLanguage = "Visual C#"
	EndProjectSection
EndProject
Project("{2150E333-8FDC-42A3-9474-1A3956D46DE8}") = "Base", "Base", "{5FFE29CA-D806-49CC-9444-F8A028429DB4}"
	ProjectSection(SolutionItems) = preProject
		Base\PTJ.Base.BusinessRules.dll = Base\PTJ.Base.BusinessRules.dll
		Base\PTJ.Base.DataLayer.dll = Base\PTJ.Base.DataLayer.dll
		Base\PTJ.Base.MessageChannel.dll = Base\PTJ.Base.MessageChannel.dll
		Base\PTJ.Base.Schemas.dll = Base\PTJ.Base.Schemas.dll
		Base\PTJ.Base.ServiceLayer.dll = Base\PTJ.Base.ServiceLayer.dll
	EndProjectSection
EndProject
Project("{FAE04EC0-301F-11D3-BF4B-00C04F79EFBC}") = "PTJ.Base.ServiceLayer", "..\PTJ.Base\PTJ.Base.ServiceLayer\PTJ.Base.ServiceLayer.csproj", "{18052971-33E0-4931-AA90-56B396493A83}"
EndProject
Project("{FAE04EC0-301F-11D3-BF4B-00C04F79EFBC}") = "PTJ.Base.Schemas", "..\PTJ.Base\PTJ.Base.Schemas\PTJ.Base.Schemas.csproj", "{98671D14-325E-4B7E-9148-93A1A9DF7017}"
EndProject
Project("{FAE04EC0-301F-11D3-BF4B-00C04F79EFBC}") = "PTJ.Base.MessageChannel", "..\PTJ.Base\PTJ.Base.MessageChannel\PTJ.Base.MessageChannel.csproj", "{C07F4A6B-D68E-47B5-A353-E6044A1508DB}"
EndProject
Project("{FAE04EC0-301F-11D3-BF4B-00C04F79EFBC}") = "PTJ.Base.DataLayer", "..\PTJ.Base\PTJ.Base.DataLayer\PTJ.Base.DataLayer.csproj", "{EE3B33A5-D122-4ED9-A29D-F57205B30DC2}"
EndProject
Project("{FAE04EC0-301F-11D3-BF4B-00C04F79EFBC}") = "PTJ.Base.BusinessRules", "..\PTJ.Base\PTJ.Base.BusinessRules\PTJ.Base.BusinessRules.csproj", "{CB41530A-3FDC-4038-87C3-71457B71D25F}"
EndProject
Project("{2150E333-8FDC-42A3-9474-1A3956D46DE8}") = "PTJ.Base.BusinessRules", "PTJ.Base.BusinessRules", "{269452C6-0E0F-4306-B9E3-1D34E396F49F}"
EndProject
Global
	GlobalSection(SolutionConfigurationPlatforms) = preSolution
		Debug|Any CPU = Debug|Any CPU
		Release|Any CPU = Release|Any CPU
	EndGlobalSection
	GlobalSection(ProjectConfigurationPlatforms) = postSolution
		{77FB7CC0-ABE3-44E7-B031-7A8F34C8E216}.Debug|Any CPU.ActiveCfg = Debug|Any CPU
		{77FB7CC0-ABE3-44E7-B031-7A8F34C8E216}.Debug|Any CPU.Build.0 = Debug|Any CPU
		{77FB7CC0-ABE3-44E7-B031-7A8F34C8E216}.Release|Any CPU.ActiveCfg = Release|Any CPU
		{77FB7CC0-ABE3-44E7-B031-7A8F34C8E216}.Release|Any CPU.Build.0 = Release|Any CPU
		{B8A20A03-045D-4634-9CBD-872495EF49BB}.Debug|Any CPU.ActiveCfg = Debug|Any CPU
		{B8A20A03-045D-4634-9CBD-872495EF49BB}.Debug|Any CPU.Build.0 = Debug|Any CPU
		{B8A20A03-045D-4634-9CBD-872495EF49BB}.Release|Any CPU.ActiveCfg = Release|Any CPU
		{B8A20A03-045D-4634-9CBD-872495EF49BB}.Release|Any CPU.Build.0 = Release|Any CPU
		{775F7EEB-8C8F-4E70-A7D7-84A642A84550}.Debug|Any CPU.ActiveCfg = Debug|Any CPU
		{775F7EEB-8C8F-4E70-A7D7-84A642A84550}.Debug|Any CPU.Build.0 = Debug|Any CPU
		{775F7EEB-8C8F-4E70-A7D7-84A642A84550}.Release|Any CPU.ActiveCfg = Release|Any CPU
		{775F7EEB-8C8F-4E70-A7D7-84A642A84550}.Release|Any CPU.Build.0 = Release|Any CPU
		{316EC7A4-0329-49B1-9728-7FAD193C1ECF}.Debug|Any CPU.ActiveCfg = Debug|Any CPU
		{316EC7A4-0329-49B1-9728-7FAD193C1ECF}.Debug|Any CPU.Build.0 = Debug|Any CPU
		{316EC7A4-0329-49B1-9728-7FAD193C1ECF}.Release|Any CPU.ActiveCfg = Release|Any CPU
		{316EC7A4-0329-49B1-9728-7FAD193C1ECF}.Release|Any CPU.Build.0 = Release|Any CPU
		{45437999-CB9F-4C1C-95C4-D7FD9E972E20}.Debug|Any CPU.ActiveCfg = Debug|Any CPU
		{45437999-CB9F-4C1C-95C4-D7FD9E972E20}.Debug|Any CPU.Build.0 = Debug|Any CPU
		{45437999-CB9F-4C1C-95C4-D7FD9E972E20}.Release|Any CPU.ActiveCfg = Release|Any CPU
		{45437999-CB9F-4C1C-95C4-D7FD9E972E20}.Release|Any CPU.Build.0 = Release|Any CPU
		{6CBD5272-2F69-438C-AF48-A5B0746736C6}.Debug|Any CPU.ActiveCfg = Debug|Any CPU
		{6CBD5272-2F69-438C-AF48-A5B0746736C6}.Debug|Any CPU.Build.0 = Debug|Any CPU
		{6CBD5272-2F69-438C-AF48-A5B0746736C6}.Release|Any CPU.ActiveCfg = Release|Any CPU
		{6CBD5272-2F69-438C-AF48-A5B0746736C6}.Release|Any CPU.Build.0 = Release|Any CPU
		{845B9D9D-D813-40E8-9073-FB8500FADF01}.Debug|Any CPU.ActiveCfg = Debug|Any CPU
		{845B9D9D-D813-40E8-9073-FB8500FADF01}.Debug|Any CPU.Build.0 = Debug|Any CPU
		{845B9D9D-D813-40E8-9073-FB8500FADF01}.Release|Any CPU.ActiveCfg = Debug|Any CPU
		{845B9D9D-D813-40E8-9073-FB8500FADF01}.Release|Any CPU.Build.0 = Debug|Any CPU
		{18052971-33E0-4931-AA90-56B396493A83}.Debug|Any CPU.ActiveCfg = Debug|Any CPU
		{18052971-33E0-4931-AA90-56B396493A83}.Debug|Any CPU.Build.0 = Debug|Any CPU
		{18052971-33E0-4931-AA90-56B396493A83}.Release|Any CPU.ActiveCfg = Release|Any CPU
		{18052971-33E0-4931-AA90-56B396493A83}.Release|Any CPU.Build.0 = Release|Any CPU
		{98671D14-325E-4B7E-9148-93A1A9DF7017}.Debug|Any CPU.ActiveCfg = Debug|Any CPU
		{98671D14-325E-4B7E-9148-93A1A9DF7017}.Debug|Any CPU.Build.0 = Debug|Any CPU
		{98671D14-325E-4B7E-9148-93A1A9DF7017}.Release|Any CPU.ActiveCfg = Release|Any CPU
		{98671D14-325E-4B7E-9148-93A1A9DF7017}.Release|Any CPU.Build.0 = Release|Any CPU
		{C07F4A6B-D68E-47B5-A353-E6044A1508DB}.Debug|Any CPU.ActiveCfg = Debug|Any CPU
		{C07F4A6B-D68E-47B5-A353-E6044A1508DB}.Debug|Any CPU.Build.0 = Debug|Any CPU
		{C07F4A6B-D68E-47B5-A353-E6044A1508DB}.Release|Any CPU.ActiveCfg = Release|Any CPU
		{C07F4A6B-D68E-47B5-A353-E6044A1508DB}.Release|Any CPU.Build.0 = Release|Any CPU
		{EE3B33A5-D122-4ED9-A29D-F57205B30DC2}.Debug|Any CPU.ActiveCfg = Debug|Any CPU
		{EE3B33A5-D122-4ED9-A29D-F57205B30DC2}.Debug|Any CPU.Build.0 = Debug|Any CPU
		{EE3B33A5-D122-4ED9-A29D-F57205B30DC2}.Release|Any CPU.ActiveCfg = Release|Any CPU
		{EE3B33A5-D122-4ED9-A29D-F57205B30DC2}.Release|Any CPU.Build.0 = Release|Any CPU
		{CB41530A-3FDC-4038-87C3-71457B71D25F}.Debug|Any CPU.ActiveCfg = Debug|Any CPU
		{CB41530A-3FDC-4038-87C3-71457B71D25F}.Debug|Any CPU.Build.0 = Debug|Any CPU
		{CB41530A-3FDC-4038-87C3-71457B71D25F}.Release|Any CPU.ActiveCfg = Release|Any CPU
		{CB41530A-3FDC-4038-87C3-71457B71D25F}.Release|Any CPU.Build.0 = Release|Any CPU
	EndGlobalSection
	GlobalSection(SolutionProperties) = preSolution
		HideSolutionNode = FALSE
	EndGlobalSection
	GlobalSection(NestedProjects) = preSolution
		{269452C6-0E0F-4306-B9E3-1D34E396F49F} = {5FFE29CA-D806-49CC-9444-F8A028429DB4}
	EndGlobalSection
EndGlobal
